// !$*UTF8*$!
{
	archiveVersion = 1;
	classes = {
	};
	objectVersion = 56;
	objects = {

/* Begin PBXBuildFile section */
		740630912A27981A00B44297 /* SortListDisclosure.swift in Sources */ = {isa = PBXBuildFile; fileRef = 740630902A27981A00B44297 /* SortListDisclosure.swift */; };
		742A7C7329FEC08E0050C026 /* SwipeGesture.swift in Sources */ = {isa = PBXBuildFile; fileRef = 742A7C7229FEC08E0050C026 /* SwipeGesture.swift */; };
		742A7C7529FEC5A10050C026 /* ContentView.swift in Sources */ = {isa = PBXBuildFile; fileRef = 742A7C7429FEC5A10050C026 /* ContentView.swift */; };
		742A7C7729FEC6D10050C026 /* AllTasksView.swift in Sources */ = {isa = PBXBuildFile; fileRef = 742A7C7629FEC6D10050C026 /* AllTasksView.swift */; };
		742A7C7B29FECDE90050C026 /* DropPreference.swift in Sources */ = {isa = PBXBuildFile; fileRef = 742A7C7A29FECDE90050C026 /* DropPreference.swift */; };
		742A7C7E29FEDDA00050C026 /* DayOverlay.swift in Sources */ = {isa = PBXBuildFile; fileRef = 742A7C7D29FEDDA00050C026 /* DayOverlay.swift */; };
		742A7C8029FEE9260050C026 /* DragPreference.swift in Sources */ = {isa = PBXBuildFile; fileRef = 742A7C7F29FEE9260050C026 /* DragPreference.swift */; };
		748CE41D2A0A986700827A39 /* DirectoryService.swift in Sources */ = {isa = PBXBuildFile; fileRef = 748CE41C2A0A986700827A39 /* DirectoryService.swift */; };
		748CE4202A0AB75500827A39 /* TaskService.swift in Sources */ = {isa = PBXBuildFile; fileRef = 748CE41F2A0AB75500827A39 /* TaskService.swift */; };
		748DAE4029FD930D003A3B06 /* ADHDBrainApp.swift in Sources */ = {isa = PBXBuildFile; fileRef = 748DAE3F29FD930D003A3B06 /* ADHDBrainApp.swift */; };
		748DAE4229FD930D003A3B06 /* SortView.swift in Sources */ = {isa = PBXBuildFile; fileRef = 748DAE4129FD930D003A3B06 /* SortView.swift */; };
		748DAE4429FD930E003A3B06 /* Assets.xcassets in Resources */ = {isa = PBXBuildFile; fileRef = 748DAE4329FD930E003A3B06 /* Assets.xcassets */; };
		748DAE4729FD930E003A3B06 /* Preview Assets.xcassets in Resources */ = {isa = PBXBuildFile; fileRef = 748DAE4629FD930E003A3B06 /* Preview Assets.xcassets */; };
		748DAE4E29FD9371003A3B06 /* TaskItem.swift in Sources */ = {isa = PBXBuildFile; fileRef = 748DAE4D29FD9371003A3B06 /* TaskItem.swift */; };
		748DAE5029FD9383003A3B06 /* TaskRow.swift in Sources */ = {isa = PBXBuildFile; fileRef = 748DAE4F29FD9383003A3B06 /* TaskRow.swift */; };
		748DAE5529FD943C003A3B06 /* ViewModel.swift in Sources */ = {isa = PBXBuildFile; fileRef = 748DAE5429FD943C003A3B06 /* ViewModel.swift */; };
		749222ED2A16AAC800ADCAA3 /* SortListView.swift in Sources */ = {isa = PBXBuildFile; fileRef = 749222EC2A16AAC800ADCAA3 /* SortListView.swift */; };
		74A98EF42A14063D00CB5689 /* SortStatus.swift in Sources */ = {isa = PBXBuildFile; fileRef = 74A98EF32A14063D00CB5689 /* SortStatus.swift */; };
		74B12D182A01FE25003953B1 /* TimeSelection.swift in Sources */ = {isa = PBXBuildFile; fileRef = 74B12D172A01FE25003953B1 /* TimeSelection.swift */; };
		74B12D1A2A020123003953B1 /* SkipTab.swift in Sources */ = {isa = PBXBuildFile; fileRef = 74B12D192A020123003953B1 /* SkipTab.swift */; };
		74B12D1D2A02015E003953B1 /* Time.swift in Sources */ = {isa = PBXBuildFile; fileRef = 74B12D1C2A02015E003953B1 /* Time.swift */; };
		74B12D1F2A02039B003953B1 /* SortTab.swift in Sources */ = {isa = PBXBuildFile; fileRef = 74B12D1E2A02039B003953B1 /* SortTab.swift */; };
		74B12D212A02B6E0003953B1 /* EventService.swift in Sources */ = {isa = PBXBuildFile; fileRef = 74B12D202A02B6E0003953B1 /* EventService.swift */; };
		74C14DE52A0D1F7F000BD90B /* DragManager.swift in Sources */ = {isa = PBXBuildFile; fileRef = 74C14DE42A0D1F7F000BD90B /* DragManager.swift */; };
		74C14DE72A0D8422000BD90B /* AllTasksRowView.swift in Sources */ = {isa = PBXBuildFile; fileRef = 74C14DE62A0D8422000BD90B /* AllTasksRowView.swift */; };
		74C14DE92A0EA93E000BD90B /* Unsort.swift in Sources */ = {isa = PBXBuildFile; fileRef = 74C14DE82A0EA93E000BD90B /* Unsort.swift */; };
		74C14DF22A0F1562000BD90B /* Saving.swift in Sources */ = {isa = PBXBuildFile; fileRef = 74C14DF12A0F1562000BD90B /* Saving.swift */; };
		74C14DF42A0F1E5A000BD90B /* Color+Extension.swift in Sources */ = {isa = PBXBuildFile; fileRef = 74C14DF32A0F1E5A000BD90B /* Color+Extension.swift */; };
		74C14DF62A0FF092000BD90B /* DismissKeyboardPreference.swift in Sources */ = {isa = PBXBuildFile; fileRef = 74C14DF52A0FF092000BD90B /* DismissKeyboardPreference.swift */; };
/* End PBXBuildFile section */

/* Begin PBXFileReference section */
		740630902A27981A00B44297 /* SortListDisclosure.swift */ = {isa = PBXFileReference; lastKnownFileType = sourcecode.swift; path = SortListDisclosure.swift; sourceTree = "<group>"; };
		742A7C7229FEC08E0050C026 /* SwipeGesture.swift */ = {isa = PBXFileReference; lastKnownFileType = sourcecode.swift; path = SwipeGesture.swift; sourceTree = "<group>"; };
		742A7C7429FEC5A10050C026 /* ContentView.swift */ = {isa = PBXFileReference; lastKnownFileType = sourcecode.swift; path = ContentView.swift; sourceTree = "<group>"; };
		742A7C7629FEC6D10050C026 /* AllTasksView.swift */ = {isa = PBXFileReference; lastKnownFileType = sourcecode.swift; path = AllTasksView.swift; sourceTree = "<group>"; };
		742A7C7A29FECDE90050C026 /* DropPreference.swift */ = {isa = PBXFileReference; lastKnownFileType = sourcecode.swift; path = DropPreference.swift; sourceTree = "<group>"; };
		742A7C7D29FEDDA00050C026 /* DayOverlay.swift */ = {isa = PBXFileReference; lastKnownFileType = sourcecode.swift; path = DayOverlay.swift; sourceTree = "<group>"; };
		742A7C7F29FEE9260050C026 /* DragPreference.swift */ = {isa = PBXFileReference; lastKnownFileType = sourcecode.swift; path = DragPreference.swift; sourceTree = "<group>"; };
		748CE41C2A0A986700827A39 /* DirectoryService.swift */ = {isa = PBXFileReference; lastKnownFileType = sourcecode.swift; path = DirectoryService.swift; sourceTree = "<group>"; };
		748CE41F2A0AB75500827A39 /* TaskService.swift */ = {isa = PBXFileReference; lastKnownFileType = sourcecode.swift; path = TaskService.swift; sourceTree = "<group>"; };
		748DAE3C29FD930D003A3B06 /* ADHDBrain.app */ = {isa = PBXFileReference; explicitFileType = wrapper.application; includeInIndex = 0; path = ADHDBrain.app; sourceTree = BUILT_PRODUCTS_DIR; };
		748DAE3F29FD930D003A3B06 /* ADHDBrainApp.swift */ = {isa = PBXFileReference; lastKnownFileType = sourcecode.swift; path = ADHDBrainApp.swift; sourceTree = "<group>"; };
		748DAE4129FD930D003A3B06 /* SortView.swift */ = {isa = PBXFileReference; lastKnownFileType = sourcecode.swift; path = SortView.swift; sourceTree = "<group>"; };
		748DAE4329FD930E003A3B06 /* Assets.xcassets */ = {isa = PBXFileReference; lastKnownFileType = folder.assetcatalog; path = Assets.xcassets; sourceTree = "<group>"; };
		748DAE4629FD930E003A3B06 /* Preview Assets.xcassets */ = {isa = PBXFileReference; lastKnownFileType = folder.assetcatalog; path = "Preview Assets.xcassets"; sourceTree = "<group>"; };
		748DAE4D29FD9371003A3B06 /* TaskItem.swift */ = {isa = PBXFileReference; lastKnownFileType = sourcecode.swift; path = TaskItem.swift; sourceTree = "<group>"; };
		748DAE4F29FD9383003A3B06 /* TaskRow.swift */ = {isa = PBXFileReference; lastKnownFileType = sourcecode.swift; path = TaskRow.swift; sourceTree = "<group>"; };
		748DAE5429FD943C003A3B06 /* ViewModel.swift */ = {isa = PBXFileReference; lastKnownFileType = sourcecode.swift; path = ViewModel.swift; sourceTree = "<group>"; };
		749222EC2A16AAC800ADCAA3 /* SortListView.swift */ = {isa = PBXFileReference; lastKnownFileType = sourcecode.swift; path = SortListView.swift; sourceTree = "<group>"; };
		74A98EF32A14063D00CB5689 /* SortStatus.swift */ = {isa = PBXFileReference; lastKnownFileType = sourcecode.swift; path = SortStatus.swift; sourceTree = "<group>"; };
		74B12D172A01FE25003953B1 /* TimeSelection.swift */ = {isa = PBXFileReference; lastKnownFileType = sourcecode.swift; path = TimeSelection.swift; sourceTree = "<group>"; };
		74B12D192A020123003953B1 /* SkipTab.swift */ = {isa = PBXFileReference; lastKnownFileType = sourcecode.swift; path = SkipTab.swift; sourceTree = "<group>"; };
		74B12D1C2A02015E003953B1 /* Time.swift */ = {isa = PBXFileReference; lastKnownFileType = sourcecode.swift; path = Time.swift; sourceTree = "<group>"; };
		74B12D1E2A02039B003953B1 /* SortTab.swift */ = {isa = PBXFileReference; lastKnownFileType = sourcecode.swift; path = SortTab.swift; sourceTree = "<group>"; };
		74B12D202A02B6E0003953B1 /* EventService.swift */ = {isa = PBXFileReference; lastKnownFileType = sourcecode.swift; path = EventService.swift; sourceTree = "<group>"; };
		74B12D222A02B8BF003953B1 /* Info.plist */ = {isa = PBXFileReference; lastKnownFileType = text.plist; path = Info.plist; sourceTree = "<group>"; };
		74C14DE42A0D1F7F000BD90B /* DragManager.swift */ = {isa = PBXFileReference; lastKnownFileType = sourcecode.swift; path = DragManager.swift; sourceTree = "<group>"; };
		74C14DE62A0D8422000BD90B /* AllTasksRowView.swift */ = {isa = PBXFileReference; lastKnownFileType = sourcecode.swift; path = AllTasksRowView.swift; sourceTree = "<group>"; };
		74C14DE82A0EA93E000BD90B /* Unsort.swift */ = {isa = PBXFileReference; lastKnownFileType = sourcecode.swift; path = Unsort.swift; sourceTree = "<group>"; };
		74C14DF12A0F1562000BD90B /* Saving.swift */ = {isa = PBXFileReference; lastKnownFileType = sourcecode.swift; path = Saving.swift; sourceTree = "<group>"; };
		74C14DF32A0F1E5A000BD90B /* Color+Extension.swift */ = {isa = PBXFileReference; lastKnownFileType = sourcecode.swift; path = "Color+Extension.swift"; sourceTree = "<group>"; };
		74C14DF52A0FF092000BD90B /* DismissKeyboardPreference.swift */ = {isa = PBXFileReference; lastKnownFileType = sourcecode.swift; path = DismissKeyboardPreference.swift; sourceTree = "<group>"; };
/* End PBXFileReference section */

/* Begin PBXFrameworksBuildPhase section */
		748DAE3929FD930D003A3B06 /* Frameworks */ = {
			isa = PBXFrameworksBuildPhase;
			buildActionMask = 2147483647;
			files = (
			);
			runOnlyForDeploymentPostprocessing = 0;
		};
/* End PBXFrameworksBuildPhase section */

/* Begin PBXGroup section */
		7406308F2A27980500B44297 /* SortListView */ = {
			isa = PBXGroup;
			children = (
				749222EC2A16AAC800ADCAA3 /* SortListView.swift */,
				740630902A27981A00B44297 /* SortListDisclosure.swift */,
			);
			path = SortListView;
			sourceTree = "<group>";
		};
		742A7C7C29FEDBD60050C026 /* ViewModifiers */ = {
			isa = PBXGroup;
			children = (
				742A7C7229FEC08E0050C026 /* SwipeGesture.swift */,
				74C14DE82A0EA93E000BD90B /* Unsort.swift */,
			);
			path = ViewModifiers;
			sourceTree = "<group>";
		};
		748CE41E2A0A988900827A39 /* Services */ = {
			isa = PBXGroup;
			children = (
				74B12D202A02B6E0003953B1 /* EventService.swift */,
				748CE41F2A0AB75500827A39 /* TaskService.swift */,
				748CE41C2A0A986700827A39 /* DirectoryService.swift */,
			);
			path = Services;
			sourceTree = "<group>";
		};
		748DAE3329FD930D003A3B06 = {
			isa = PBXGroup;
			children = (
				748DAE3E29FD930D003A3B06 /* ADHDBrain */,
				748DAE3D29FD930D003A3B06 /* Products */,
			);
			sourceTree = "<group>";
		};
		748DAE3D29FD930D003A3B06 /* Products */ = {
			isa = PBXGroup;
			children = (
				748DAE3C29FD930D003A3B06 /* ADHDBrain.app */,
			);
			name = Products;
			sourceTree = "<group>";
		};
		748DAE3E29FD930D003A3B06 /* ADHDBrain */ = {
			isa = PBXGroup;
			children = (
				74B12D222A02B8BF003953B1 /* Info.plist */,
				748DAE3F29FD930D003A3B06 /* ADHDBrainApp.swift */,
				748CE41E2A0A988900827A39 /* Services */,
				748DAE5329FD939D003A3B06 /* Models */,
				748DAE5229FD9394003A3B06 /* ViewModel */,
				748DAE5129FD9389003A3B06 /* View */,
				748DAE4329FD930E003A3B06 /* Assets.xcassets */,
				749222F82A16BD4300ADCAA3 /* Archive */,
				748DAE4529FD930E003A3B06 /* Preview Content */,
			);
			path = ADHDBrain;
			sourceTree = "<group>";
		};
		748DAE4529FD930E003A3B06 /* Preview Content */ = {
			isa = PBXGroup;
			children = (
				748DAE4629FD930E003A3B06 /* Preview Assets.xcassets */,
			);
			path = "Preview Content";
			sourceTree = "<group>";
		};
		748DAE5129FD9389003A3B06 /* View */ = {
			isa = PBXGroup;
			children = (
				742A7C7429FEC5A10050C026 /* ContentView.swift */,
				749222F72A16BCD000ADCAA3 /* SortDragView */,
				7406308F2A27980500B44297 /* SortListView */,
				742A7C7629FEC6D10050C026 /* AllTasksView.swift */,
				74C14DE62A0D8422000BD90B /* AllTasksRowView.swift */,
				74C14DF02A0F1548000BD90B /* PropertyWrapper */,
				74C14DF32A0F1E5A000BD90B /* Color+Extension.swift */,
			);
			path = View;
			sourceTree = "<group>";
		};
		748DAE5229FD9394003A3B06 /* ViewModel */ = {
			isa = PBXGroup;
			children = (
				748DAE5429FD943C003A3B06 /* ViewModel.swift */,
			);
			path = ViewModel;
			sourceTree = "<group>";
		};
		748DAE5329FD939D003A3B06 /* Models */ = {
			isa = PBXGroup;
			children = (
				748DAE4D29FD9371003A3B06 /* TaskItem.swift */,
				74A98EF32A14063D00CB5689 /* SortStatus.swift */,
				74B12D172A01FE25003953B1 /* TimeSelection.swift */,
			);
			path = Models;
			sourceTree = "<group>";
		};
		749222F72A16BCD000ADCAA3 /* SortDragView */ = {
			isa = PBXGroup;
			children = (
				74C14DE42A0D1F7F000BD90B /* DragManager.swift */,
				748DAE4129FD930D003A3B06 /* SortView.swift */,
				748DAE4F29FD9383003A3B06 /* TaskRow.swift */,
				74B12D1B2A020149003953B1 /* SortOverlays */,
				742A7C7C29FEDBD60050C026 /* ViewModifiers */,
				74A8E9BA2A00B04400B9D3ED /* PreferenceKeys */,
			);
			path = SortDragView;
			sourceTree = "<group>";
		};
		749222F82A16BD4300ADCAA3 /* Archive */ = {
			isa = PBXGroup;
			children = (
			);
			path = Archive;
			sourceTree = "<group>";
		};
		74A8E9BA2A00B04400B9D3ED /* PreferenceKeys */ = {
			isa = PBXGroup;
			children = (
				742A7C7A29FECDE90050C026 /* DropPreference.swift */,
				74C14DF52A0FF092000BD90B /* DismissKeyboardPreference.swift */,
				742A7C7F29FEE9260050C026 /* DragPreference.swift */,
			);
			path = PreferenceKeys;
			sourceTree = "<group>";
		};
		74B12D1B2A020149003953B1 /* SortOverlays */ = {
			isa = PBXGroup;
			children = (
				742A7C7D29FEDDA00050C026 /* DayOverlay.swift */,
				74B12D1E2A02039B003953B1 /* SortTab.swift */,
				74B12D192A020123003953B1 /* SkipTab.swift */,
				74B12D1C2A02015E003953B1 /* Time.swift */,
			);
			path = SortOverlays;
			sourceTree = "<group>";
		};
		74C14DF02A0F1548000BD90B /* PropertyWrapper */ = {
			isa = PBXGroup;
			children = (
				74C14DF12A0F1562000BD90B /* Saving.swift */,
			);
			path = PropertyWrapper;
			sourceTree = "<group>";
		};
/* End PBXGroup section */

/* Begin PBXNativeTarget section */
		748DAE3B29FD930D003A3B06 /* ADHDBrain */ = {
			isa = PBXNativeTarget;
			buildConfigurationList = 748DAE4A29FD930E003A3B06 /* Build configuration list for PBXNativeTarget "ADHDBrain" */;
			buildPhases = (
				748DAE3829FD930D003A3B06 /* Sources */,
				748DAE3929FD930D003A3B06 /* Frameworks */,
				748DAE3A29FD930D003A3B06 /* Resources */,
			);
			buildRules = (
			);
			dependencies = (
			);
			name = ADHDBrain;
			productName = ADHDBrain;
			productReference = 748DAE3C29FD930D003A3B06 /* ADHDBrain.app */;
			productType = "com.apple.product-type.application";
		};
/* End PBXNativeTarget section */

/* Begin PBXProject section */
		748DAE3429FD930D003A3B06 /* Project object */ = {
			isa = PBXProject;
			attributes = {
				BuildIndependentTargetsInParallel = 1;
				LastSwiftUpdateCheck = 1430;
				LastUpgradeCheck = 1430;
				TargetAttributes = {
					748DAE3B29FD930D003A3B06 = {
						CreatedOnToolsVersion = 14.3;
					};
				};
			};
			buildConfigurationList = 748DAE3729FD930D003A3B06 /* Build configuration list for PBXProject "ADHDBrain" */;
			compatibilityVersion = "Xcode 14.0";
			developmentRegion = en;
			hasScannedForEncodings = 0;
			knownRegions = (
				en,
				Base,
			);
			mainGroup = 748DAE3329FD930D003A3B06;
			productRefGroup = 748DAE3D29FD930D003A3B06 /* Products */;
			projectDirPath = "";
			projectRoot = "";
			targets = (
				748DAE3B29FD930D003A3B06 /* ADHDBrain */,
			);
		};
/* End PBXProject section */

/* Begin PBXResourcesBuildPhase section */
		748DAE3A29FD930D003A3B06 /* Resources */ = {
			isa = PBXResourcesBuildPhase;
			buildActionMask = 2147483647;
			files = (
				748DAE4729FD930E003A3B06 /* Preview Assets.xcassets in Resources */,
				748DAE4429FD930E003A3B06 /* Assets.xcassets in Resources */,
			);
			runOnlyForDeploymentPostprocessing = 0;
		};
/* End PBXResourcesBuildPhase section */

/* Begin PBXSourcesBuildPhase section */
		748DAE3829FD930D003A3B06 /* Sources */ = {
			isa = PBXSourcesBuildPhase;
			buildActionMask = 2147483647;
			files = (
				748DAE5529FD943C003A3B06 /* ViewModel.swift in Sources */,
				74C14DE92A0EA93E000BD90B /* Unsort.swift in Sources */,
				742A7C8029FEE9260050C026 /* DragPreference.swift in Sources */,
				748CE4202A0AB75500827A39 /* TaskService.swift in Sources */,
				74B12D1D2A02015E003953B1 /* Time.swift in Sources */,
				74B12D1F2A02039B003953B1 /* SortTab.swift in Sources */,
				74C14DF62A0FF092000BD90B /* DismissKeyboardPreference.swift in Sources */,
				748DAE4229FD930D003A3B06 /* SortView.swift in Sources */,
				74A98EF42A14063D00CB5689 /* SortStatus.swift in Sources */,
				740630912A27981A00B44297 /* SortListDisclosure.swift in Sources */,
				74B12D212A02B6E0003953B1 /* EventService.swift in Sources */,
				74B12D182A01FE25003953B1 /* TimeSelection.swift in Sources */,
				742A7C7529FEC5A10050C026 /* ContentView.swift in Sources */,
				74B12D1A2A020123003953B1 /* SkipTab.swift in Sources */,
				74C14DE72A0D8422000BD90B /* AllTasksRowView.swift in Sources */,
				748CE41D2A0A986700827A39 /* DirectoryService.swift in Sources */,
				748DAE4E29FD9371003A3B06 /* TaskItem.swift in Sources */,
				74C14DE52A0D1F7F000BD90B /* DragManager.swift in Sources */,
				748DAE4029FD930D003A3B06 /* ADHDBrainApp.swift in Sources */,
				748DAE5029FD9383003A3B06 /* TaskRow.swift in Sources */,
				742A7C7729FEC6D10050C026 /* AllTasksView.swift in Sources */,
				742A7C7329FEC08E0050C026 /* SwipeGesture.swift in Sources */,
				74C14DF22A0F1562000BD90B /* Saving.swift in Sources */,
				749222ED2A16AAC800ADCAA3 /* SortListView.swift in Sources */,
				742A7C7B29FECDE90050C026 /* DropPreference.swift in Sources */,
				742A7C7E29FEDDA00050C026 /* DayOverlay.swift in Sources */,
				74C14DF42A0F1E5A000BD90B /* Color+Extension.swift in Sources */,
			);
			runOnlyForDeploymentPostprocessing = 0;
		};
/* End PBXSourcesBuildPhase section */

/* Begin XCBuildConfiguration section */
		748DAE4829FD930E003A3B06 /* Debug */ = {
			isa = XCBuildConfiguration;
			buildSettings = {
				ALWAYS_SEARCH_USER_PATHS = NO;
				CLANG_ANALYZER_NONNULL = YES;
				CLANG_ANALYZER_NUMBER_OBJECT_CONVERSION = YES_AGGRESSIVE;
				CLANG_CXX_LANGUAGE_STANDARD = "gnu++20";
				CLANG_ENABLE_MODULES = YES;
				CLANG_ENABLE_OBJC_ARC = YES;
				CLANG_ENABLE_OBJC_WEAK = YES;
				CLANG_WARN_BLOCK_CAPTURE_AUTORELEASING = YES;
				CLANG_WARN_BOOL_CONVERSION = YES;
				CLANG_WARN_COMMA = YES;
				CLANG_WARN_CONSTANT_CONVERSION = YES;
				CLANG_WARN_DEPRECATED_OBJC_IMPLEMENTATIONS = YES;
				CLANG_WARN_DIRECT_OBJC_ISA_USAGE = YES_ERROR;
				CLANG_WARN_DOCUMENTATION_COMMENTS = YES;
				CLANG_WARN_EMPTY_BODY = YES;
				CLANG_WARN_ENUM_CONVERSION = YES;
				CLANG_WARN_INFINITE_RECURSION = YES;
				CLANG_WARN_INT_CONVERSION = YES;
				CLANG_WARN_NON_LITERAL_NULL_CONVERSION = YES;
				CLANG_WARN_OBJC_IMPLICIT_RETAIN_SELF = YES;
				CLANG_WARN_OBJC_LITERAL_CONVERSION = YES;
				CLANG_WARN_OBJC_ROOT_CLASS = YES_ERROR;
				CLANG_WARN_QUOTED_INCLUDE_IN_FRAMEWORK_HEADER = YES;
				CLANG_WARN_RANGE_LOOP_ANALYSIS = YES;
				CLANG_WARN_STRICT_PROTOTYPES = YES;
				CLANG_WARN_SUSPICIOUS_MOVE = YES;
				CLANG_WARN_UNGUARDED_AVAILABILITY = YES_AGGRESSIVE;
				CLANG_WARN_UNREACHABLE_CODE = YES;
				CLANG_WARN__DUPLICATE_METHOD_MATCH = YES;
				COPY_PHASE_STRIP = NO;
				DEBUG_INFORMATION_FORMAT = dwarf;
				ENABLE_STRICT_OBJC_MSGSEND = YES;
				ENABLE_TESTABILITY = YES;
				GCC_C_LANGUAGE_STANDARD = gnu11;
				GCC_DYNAMIC_NO_PIC = NO;
				GCC_NO_COMMON_BLOCKS = YES;
				GCC_OPTIMIZATION_LEVEL = 0;
				GCC_PREPROCESSOR_DEFINITIONS = (
					"DEBUG=1",
					"$(inherited)",
				);
				GCC_WARN_64_TO_32_BIT_CONVERSION = YES;
				GCC_WARN_ABOUT_RETURN_TYPE = YES_ERROR;
				GCC_WARN_UNDECLARED_SELECTOR = YES;
				GCC_WARN_UNINITIALIZED_AUTOS = YES_AGGRESSIVE;
				GCC_WARN_UNUSED_FUNCTION = YES;
				GCC_WARN_UNUSED_VARIABLE = YES;
				IPHONEOS_DEPLOYMENT_TARGET = 16.4;
				MTL_ENABLE_DEBUG_INFO = INCLUDE_SOURCE;
				MTL_FAST_MATH = YES;
				ONLY_ACTIVE_ARCH = YES;
				SDKROOT = iphoneos;
				SWIFT_ACTIVE_COMPILATION_CONDITIONS = DEBUG;
				SWIFT_OPTIMIZATION_LEVEL = "-Onone";
			};
			name = Debug;
		};
		748DAE4929FD930E003A3B06 /* Release */ = {
			isa = XCBuildConfiguration;
			buildSettings = {
				ALWAYS_SEARCH_USER_PATHS = NO;
				CLANG_ANALYZER_NONNULL = YES;
				CLANG_ANALYZER_NUMBER_OBJECT_CONVERSION = YES_AGGRESSIVE;
				CLANG_CXX_LANGUAGE_STANDARD = "gnu++20";
				CLANG_ENABLE_MODULES = YES;
				CLANG_ENABLE_OBJC_ARC = YES;
				CLANG_ENABLE_OBJC_WEAK = YES;
				CLANG_WARN_BLOCK_CAPTURE_AUTORELEASING = YES;
				CLANG_WARN_BOOL_CONVERSION = YES;
				CLANG_WARN_COMMA = YES;
				CLANG_WARN_CONSTANT_CONVERSION = YES;
				CLANG_WARN_DEPRECATED_OBJC_IMPLEMENTATIONS = YES;
				CLANG_WARN_DIRECT_OBJC_ISA_USAGE = YES_ERROR;
				CLANG_WARN_DOCUMENTATION_COMMENTS = YES;
				CLANG_WARN_EMPTY_BODY = YES;
				CLANG_WARN_ENUM_CONVERSION = YES;
				CLANG_WARN_INFINITE_RECURSION = YES;
				CLANG_WARN_INT_CONVERSION = YES;
				CLANG_WARN_NON_LITERAL_NULL_CONVERSION = YES;
				CLANG_WARN_OBJC_IMPLICIT_RETAIN_SELF = YES;
				CLANG_WARN_OBJC_LITERAL_CONVERSION = YES;
				CLANG_WARN_OBJC_ROOT_CLASS = YES_ERROR;
				CLANG_WARN_QUOTED_INCLUDE_IN_FRAMEWORK_HEADER = YES;
				CLANG_WARN_RANGE_LOOP_ANALYSIS = YES;
				CLANG_WARN_STRICT_PROTOTYPES = YES;
				CLANG_WARN_SUSPICIOUS_MOVE = YES;
				CLANG_WARN_UNGUARDED_AVAILABILITY = YES_AGGRESSIVE;
				CLANG_WARN_UNREACHABLE_CODE = YES;
				CLANG_WARN__DUPLICATE_METHOD_MATCH = YES;
				COPY_PHASE_STRIP = NO;
				DEBUG_INFORMATION_FORMAT = "dwarf-with-dsym";
				ENABLE_NS_ASSERTIONS = NO;
				ENABLE_STRICT_OBJC_MSGSEND = YES;
				GCC_C_LANGUAGE_STANDARD = gnu11;
				GCC_NO_COMMON_BLOCKS = YES;
				GCC_WARN_64_TO_32_BIT_CONVERSION = YES;
				GCC_WARN_ABOUT_RETURN_TYPE = YES_ERROR;
				GCC_WARN_UNDECLARED_SELECTOR = YES;
				GCC_WARN_UNINITIALIZED_AUTOS = YES_AGGRESSIVE;
				GCC_WARN_UNUSED_FUNCTION = YES;
				GCC_WARN_UNUSED_VARIABLE = YES;
				IPHONEOS_DEPLOYMENT_TARGET = 16.4;
				MTL_ENABLE_DEBUG_INFO = NO;
				MTL_FAST_MATH = YES;
				SDKROOT = iphoneos;
				SWIFT_COMPILATION_MODE = wholemodule;
				SWIFT_OPTIMIZATION_LEVEL = "-O";
				VALIDATE_PRODUCT = YES;
			};
			name = Release;
		};
		748DAE4B29FD930E003A3B06 /* Debug */ = {
			isa = XCBuildConfiguration;
			buildSettings = {
				ASSETCATALOG_COMPILER_APPICON_NAME = AppIcon;
				ASSETCATALOG_COMPILER_GLOBAL_ACCENT_COLOR_NAME = AccentColor;
				CODE_SIGN_STYLE = Automatic;
				CURRENT_PROJECT_VERSION = 1;
				DEVELOPMENT_ASSET_PATHS = "\"ADHDBrain/Preview Content\"";
				DEVELOPMENT_TEAM = 3UR85MK9RT;
				ENABLE_PREVIEWS = YES;
				GENERATE_INFOPLIST_FILE = YES;
				INFOPLIST_FILE = ADHDBrain/Info.plist;
				INFOPLIST_KEY_NSCalendarsUsageDescription = "Need permission to create calendar event for task";
				INFOPLIST_KEY_UIApplicationSceneManifest_Generation = YES;
				INFOPLIST_KEY_UIApplicationSupportsIndirectInputEvents = YES;
				INFOPLIST_KEY_UILaunchScreen_Generation = YES;
				INFOPLIST_KEY_UISupportedInterfaceOrientations_iPad = "UIInterfaceOrientationPortrait UIInterfaceOrientationPortraitUpsideDown UIInterfaceOrientationLandscapeLeft UIInterfaceOrientationLandscapeRight";
				INFOPLIST_KEY_UISupportedInterfaceOrientations_iPhone = "UIInterfaceOrientationPortrait UIInterfaceOrientationLandscapeLeft UIInterfaceOrientationLandscapeRight";
				IPHONEOS_DEPLOYMENT_TARGET = 16.0;
				LD_RUNPATH_SEARCH_PATHS = (
					"$(inherited)",
					"@executable_path/Frameworks",
				);
				MARKETING_VERSION = 1.0;
				PRODUCT_BUNDLE_IDENTIFIER = com.CoryTripathy.ADHDBrain;
				PRODUCT_NAME = "$(TARGET_NAME)";
				SWIFT_EMIT_LOC_STRINGS = YES;
				SWIFT_VERSION = 5.0;
				TARGETED_DEVICE_FAMILY = "1,2";
			};
			name = Debug;
		};
		748DAE4C29FD930E003A3B06 /* Release */ = {
			isa = XCBuildConfiguration;
			buildSettings = {
				ASSETCATALOG_COMPILER_APPICON_NAME = AppIcon;
				ASSETCATALOG_COMPILER_GLOBAL_ACCENT_COLOR_NAME = AccentColor;
				CODE_SIGN_STYLE = Automatic;
				CURRENT_PROJECT_VERSION = 1;
				DEVELOPMENT_ASSET_PATHS = "\"ADHDBrain/Preview Content\"";
				DEVELOPMENT_TEAM = 3UR85MK9RT;
				ENABLE_PREVIEWS = YES;
				GENERATE_INFOPLIST_FILE = YES;
				INFOPLIST_FILE = ADHDBrain/Info.plist;
				INFOPLIST_KEY_NSCalendarsUsageDescription = "Need permission to create calendar event for task";
				INFOPLIST_KEY_UIApplicationSceneManifest_Generation = YES;
				INFOPLIST_KEY_UIApplicationSupportsIndirectInputEvents = YES;
				INFOPLIST_KEY_UILaunchScreen_Generation = YES;
				INFOPLIST_KEY_UISupportedInterfaceOrientations_iPad = "UIInterfaceOrientationPortrait UIInterfaceOrientationPortraitUpsideDown UIInterfaceOrientationLandscapeLeft UIInterfaceOrientationLandscapeRight";
				INFOPLIST_KEY_UISupportedInterfaceOrientations_iPhone = "UIInterfaceOrientationPortrait UIInterfaceOrientationLandscapeLeft UIInterfaceOrientationLandscapeRight";
				IPHONEOS_DEPLOYMENT_TARGET = 16.0;
				LD_RUNPATH_SEARCH_PATHS = (
					"$(inherited)",
					"@executable_path/Frameworks",
				);
				MARKETING_VERSION = 1.0;
				PRODUCT_BUNDLE_IDENTIFIER = com.CoryTripathy.ADHDBrain;
				PRODUCT_NAME = "$(TARGET_NAME)";
				SWIFT_EMIT_LOC_STRINGS = YES;
				SWIFT_VERSION = 5.0;
				TARGETED_DEVICE_FAMILY = "1,2";
			};
			name = Release;
		};
/* End XCBuildConfiguration section */

/* Begin XCConfigurationList section */
		748DAE3729FD930D003A3B06 /* Build configuration list for PBXProject "ADHDBrain" */ = {
			isa = XCConfigurationList;
			buildConfigurations = (
				748DAE4829FD930E003A3B06 /* Debug */,
				748DAE4929FD930E003A3B06 /* Release */,
			);
			defaultConfigurationIsVisible = 0;
			defaultConfigurationName = Release;
		};
		748DAE4A29FD930E003A3B06 /* Build configuration list for PBXNativeTarget "ADHDBrain" */ = {
			isa = XCConfigurationList;
			buildConfigurations = (
				748DAE4B29FD930E003A3B06 /* Debug */,
				748DAE4C29FD930E003A3B06 /* Release */,
			);
			defaultConfigurationIsVisible = 0;
			defaultConfigurationName = Release;
		};
/* End XCConfigurationList section */
	};
	rootObject = 748DAE3429FD930D003A3B06 /* Project object */;
}
